
Microsoft Visual Studio Solution File, Format Version 12.00
Project("{2150E333-8FDC-42A3-9474-1A3956D46DE8}") = "quote-service", "quote-service", "{1E5E3B91-9A78-4E56-B604-C0C6E3B9358D}"
EndProject
Project("{2150E333-8FDC-42A3-9474-1A3956D46DE8}") = "identity-service", "identity-service", "{9D5ACC3D-E315-4A52-AA8C-5E26658582A9}"
EndProject
Project("{2150E333-8FDC-42A3-9474-1A3956D46DE8}") = "src", "src", "{5F17B229-F326-40CC-BB3B-FE7B0DBB4489}"
EndProject
Project("{FAE04EC0-301F-11D3-BF4B-00C04F79EFBC}") = "Knab.QuoteService.Application", "src\quote-service\Knab.QuoteService.Application\Knab.QuoteService.Application.csproj", "{171D6584-017A-4D75-BA2F-DA9C7C05BC76}"
EndProject
Project("{FAE04EC0-301F-11D3-BF4B-00C04F79EFBC}") = "Knab.QuoteService.Domain", "src\quote-service\Knab.QuoteService.Domain\Knab.QuoteService.Domain.csproj", "{1B7F0302-C6BF-4BF1-840E-E10D3D36F7AA}"
EndProject
Project("{FAE04EC0-301F-11D3-BF4B-00C04F79EFBC}") = "Knab.QuoteService.Infrastructure", "src\quote-service\Knab.QuoteService.Infrastructure\Knab.QuoteService.Infrastructure.csproj", "{77F6230B-377D-4204-80A9-A029EB53B442}"
EndProject
Project("{FAE04EC0-301F-11D3-BF4B-00C04F79EFBC}") = "Knab.QuoteService.Api", "src\quote-service\Knab.QuoteService.Api\Knab.QuoteService.Api.csproj", "{B69ACF8A-B439-416B-82E7-A51B65A9EDC4}"
EndProject
Project("{2150E333-8FDC-42A3-9474-1A3956D46DE8}") = "test", "test", "{989C07BE-7B84-490A-9685-7B854C299C30}"
EndProject
Project("{FAE04EC0-301F-11D3-BF4B-00C04F79EFBC}") = "Knab.UnitTests", "test\Knab.UnitTests\Knab.UnitTests.csproj", "{6CE7B6C6-7FD7-4F73-8CC3-46C3821B6AFB}"
EndProject
Global
	GlobalSection(SolutionConfigurationPlatforms) = preSolution
		Debug|Any CPU = Debug|Any CPU
		Release|Any CPU = Release|Any CPU
	EndGlobalSection
	GlobalSection(NestedProjects) = preSolution
		{9D5ACC3D-E315-4A52-AA8C-5E26658582A9} = {5F17B229-F326-40CC-BB3B-FE7B0DBB4489}
		{1E5E3B91-9A78-4E56-B604-C0C6E3B9358D} = {5F17B229-F326-40CC-BB3B-FE7B0DBB4489}
		{171D6584-017A-4D75-BA2F-DA9C7C05BC76} = {1E5E3B91-9A78-4E56-B604-C0C6E3B9358D}
		{1B7F0302-C6BF-4BF1-840E-E10D3D36F7AA} = {1E5E3B91-9A78-4E56-B604-C0C6E3B9358D}
		{77F6230B-377D-4204-80A9-A029EB53B442} = {1E5E3B91-9A78-4E56-B604-C0C6E3B9358D}
		{B69ACF8A-B439-416B-82E7-A51B65A9EDC4} = {1E5E3B91-9A78-4E56-B604-C0C6E3B9358D}
		{6CE7B6C6-7FD7-4F73-8CC3-46C3821B6AFB} = {989C07BE-7B84-490A-9685-7B854C299C30}
	EndGlobalSection
	GlobalSection(ProjectConfigurationPlatforms) = postSolution
		{171D6584-017A-4D75-BA2F-DA9C7C05BC76}.Debug|Any CPU.ActiveCfg = Debug|Any CPU
		{171D6584-017A-4D75-BA2F-DA9C7C05BC76}.Debug|Any CPU.Build.0 = Debug|Any CPU
		{171D6584-017A-4D75-BA2F-DA9C7C05BC76}.Release|Any CPU.ActiveCfg = Release|Any CPU
		{171D6584-017A-4D75-BA2F-DA9C7C05BC76}.Release|Any CPU.Build.0 = Release|Any CPU
		{1B7F0302-C6BF-4BF1-840E-E10D3D36F7AA}.Debug|Any CPU.ActiveCfg = Debug|Any CPU
		{1B7F0302-C6BF-4BF1-840E-E10D3D36F7AA}.Debug|Any CPU.Build.0 = Debug|Any CPU
		{1B7F0302-C6BF-4BF1-840E-E10D3D36F7AA}.Release|Any CPU.ActiveCfg = Release|Any CPU
		{1B7F0302-C6BF-4BF1-840E-E10D3D36F7AA}.Release|Any CPU.Build.0 = Release|Any CPU
		{77F6230B-377D-4204-80A9-A029EB53B442}.Debug|Any CPU.ActiveCfg = Debug|Any CPU
		{77F6230B-377D-4204-80A9-A029EB53B442}.Debug|Any CPU.Build.0 = Debug|Any CPU
		{77F6230B-377D-4204-80A9-A029EB53B442}.Release|Any CPU.ActiveCfg = Release|Any CPU
		{77F6230B-377D-4204-80A9-A029EB53B442}.Release|Any CPU.Build.0 = Release|Any CPU
		{B69ACF8A-B439-416B-82E7-A51B65A9EDC4}.Debug|Any CPU.ActiveCfg = Debug|Any CPU
		{B69ACF8A-B439-416B-82E7-A51B65A9EDC4}.Debug|Any CPU.Build.0 = Debug|Any CPU
		{B69ACF8A-B439-416B-82E7-A51B65A9EDC4}.Release|Any CPU.ActiveCfg = Release|Any CPU
		{B69ACF8A-B439-416B-82E7-A51B65A9EDC4}.Release|Any CPU.Build.0 = Release|Any CPU
		{6CE7B6C6-7FD7-4F73-8CC3-46C3821B6AFB}.Debug|Any CPU.ActiveCfg = Debug|Any CPU
		{6CE7B6C6-7FD7-4F73-8CC3-46C3821B6AFB}.Debug|Any CPU.Build.0 = Debug|Any CPU
		{6CE7B6C6-7FD7-4F73-8CC3-46C3821B6AFB}.Release|Any CPU.ActiveCfg = Release|Any CPU
		{6CE7B6C6-7FD7-4F73-8CC3-46C3821B6AFB}.Release|Any CPU.Build.0 = Release|Any CPU
	EndGlobalSection
EndGlobal
